
Microsoft Visual Studio Solution File, Format Version 12.00
# Visual Studio Version 17
VisualStudioVersion = 17.6.33801.468
MinimumVisualStudioVersion = 10.0.40219.1
Project("{9A19103F-16F7-4668-BE54-9A1E7A4F7556}") = "BlazorApp1", "BlazorApp1\BlazorApp1.csproj", "{5F9D62E2-323E-4035-876B-278E88E436C2}"
EndProject
Project("{9A19103F-16F7-4668-BE54-9A1E7A4F7556}") = "DataImport", "DataImport\DataImport.csproj", "{30377068-AFD2-4483-89C9-2FEAA8BECB74}"
EndProject
Project("{9A19103F-16F7-4668-BE54-9A1E7A4F7556}") = "BlazorAppParctice", "BlazorAppParctice\BlazorAppParctice.csproj", "{845486D4-9EB6-4D53-99F5-76D72011F8B6}"
EndProject
Project("{9A19103F-16F7-4668-BE54-9A1E7A4F7556}") = "DataManager.Database", "DataManager.Database\DataManager.Database.csproj", "{2BEB5B42-190A-4FB8-BD90-7E945FBBEBC4}"
EndProject
Project("{9A19103F-16F7-4668-BE54-9A1E7A4F7556}") = "DataManager.BlazorServer", "DataManager.BlazorServer\DataManager.BlazorServer.csproj", "{409B0DAE-859D-4BBB-8DB6-F40F0B8F1605}"
EndProject
Global
	GlobalSection(SolutionConfigurationPlatforms) = preSolution
		Debug|Any CPU = Debug|Any CPU
		Debug|x64 = Debug|x64
		Release|Any CPU = Release|Any CPU
		Release|x64 = Release|x64
	EndGlobalSection
	GlobalSection(ProjectConfigurationPlatforms) = postSolution
		{5F9D62E2-323E-4035-876B-278E88E436C2}.Debug|Any CPU.ActiveCfg = Debug|Any CPU
		{5F9D62E2-323E-4035-876B-278E88E436C2}.Debug|Any CPU.Build.0 = Debug|Any CPU
		{5F9D62E2-323E-4035-876B-278E88E436C2}.Debug|x64.ActiveCfg = Debug|Any CPU
		{5F9D62E2-323E-4035-876B-278E88E436C2}.Debug|x64.Build.0 = Debug|Any CPU
		{5F9D62E2-323E-4035-876B-278E88E436C2}.Release|Any CPU.ActiveCfg = Release|Any CPU
		{5F9D62E2-323E-4035-876B-278E88E436C2}.Release|Any CPU.Build.0 = Release|Any CPU
		{5F9D62E2-323E-4035-876B-278E88E436C2}.Release|x64.ActiveCfg = Release|Any CPU
		{5F9D62E2-323E-4035-876B-278E88E436C2}.Release|x64.Build.0 = Release|Any CPU
		{30377068-AFD2-4483-89C9-2FEAA8BECB74}.Debug|Any CPU.ActiveCfg = Debug|Any CPU
		{30377068-AFD2-4483-89C9-2FEAA8BECB74}.Debug|Any CPU.Build.0 = Debug|Any CPU
		{30377068-AFD2-4483-89C9-2FEAA8BECB74}.Debug|x64.ActiveCfg = Debug|x64
		{30377068-AFD2-4483-89C9-2FEAA8BECB74}.Debug|x64.Build.0 = Debug|x64
		{30377068-AFD2-4483-89C9-2FEAA8BECB74}.Release|Any CPU.ActiveCfg = Release|Any CPU
		{30377068-AFD2-4483-89C9-2FEAA8BECB74}.Release|Any CPU.Build.0 = Release|Any CPU
		{30377068-AFD2-4483-89C9-2FEAA8BECB74}.Release|x64.ActiveCfg = Release|x64
		{30377068-AFD2-4483-89C9-2FEAA8BECB74}.Release|x64.Build.0 = Release|x64
		{845486D4-9EB6-4D53-99F5-76D72011F8B6}.Debug|Any CPU.ActiveCfg = Debug|Any CPU
		{845486D4-9EB6-4D53-99F5-76D72011F8B6}.Debug|Any CPU.Build.0 = Debug|Any CPU
		{845486D4-9EB6-4D53-99F5-76D72011F8B6}.Debug|x64.ActiveCfg = Debug|Any CPU
		{845486D4-9EB6-4D53-99F5-76D72011F8B6}.Debug|x64.Build.0 = Debug|Any CPU
		{845486D4-9EB6-4D53-99F5-76D72011F8B6}.Release|Any CPU.ActiveCfg = Release|Any CPU
		{845486D4-9EB6-4D53-99F5-76D72011F8B6}.Release|Any CPU.Build.0 = Release|Any CPU
		{845486D4-9EB6-4D53-99F5-76D72011F8B6}.Release|x64.ActiveCfg = Release|Any CPU
		{845486D4-9EB6-4D53-99F5-76D72011F8B6}.Release|x64.Build.0 = Release|Any CPU
		{2BEB5B42-190A-4FB8-BD90-7E945FBBEBC4}.Debug|Any CPU.ActiveCfg = Debug|Any CPU
		{2BEB5B42-190A-4FB8-BD90-7E945FBBEBC4}.Debug|Any CPU.Build.0 = Debug|Any CPU
		{2BEB5B42-190A-4FB8-BD90-7E945FBBEBC4}.Debug|x64.ActiveCfg = Debug|Any CPU
		{2BEB5B42-190A-4FB8-BD90-7E945FBBEBC4}.Debug|x64.Build.0 = Debug|Any CPU
		{2BEB5B42-190A-4FB8-BD90-7E945FBBEBC4}.Release|Any CPU.ActiveCfg = Release|Any CPU
		{2BEB5B42-190A-4FB8-BD90-7E945FBBEBC4}.Release|Any CPU.Build.0 = Release|Any CPU
		{2BEB5B42-190A-4FB8-BD90-7E945FBBEBC4}.Release|x64.ActiveCfg = Release|Any CPU
		{2BEB5B42-190A-4FB8-BD90-7E945FBBEBC4}.Release|x64.Build.0 = Release|Any CPU
		{409B0DAE-859D-4BBB-8DB6-F40F0B8F1605}.Debug|Any CPU.ActiveCfg = Debug|Any CPU
		{409B0DAE-859D-4BBB-8DB6-F40F0B8F1605}.Debug|Any CPU.Build.0 = Debug|Any CPU
		{409B0DAE-859D-4BBB-8DB6-F40F0B8F1605}.Debug|x64.ActiveCfg = Debug|Any CPU
		{409B0DAE-859D-4BBB-8DB6-F40F0B8F1605}.Debug|x64.Build.0 = Debug|Any CPU
		{409B0DAE-859D-4BBB-8DB6-F40F0B8F1605}.Release|Any CPU.ActiveCfg = Release|Any CPU
		{409B0DAE-859D-4BBB-8DB6-F40F0B8F1605}.Release|Any CPU.Build.0 = Release|Any CPU
		{409B0DAE-859D-4BBB-8DB6-F40F0B8F1605}.Release|x64.ActiveCfg = Release|Any CPU
		{409B0DAE-859D-4BBB-8DB6-F40F0B8F1605}.Release|x64.Build.0 = Release|Any CPU
	EndGlobalSection
	GlobalSection(SolutionProperties) = preSolution
		HideSolutionNode = FALSE
	EndGlobalSection
	GlobalSection(ExtensibilityGlobals) = postSolution
		SolutionGuid = {7825E9BB-5A5B-4CD0-8990-A8426D7B0EFF}
	EndGlobalSection
EndGlobal
